
Microsoft Visual Studio Solution File, Format Version 12.00
# Visual Studio Version 17
VisualStudioVersion = 17.6.33815.320
MinimumVisualStudioVersion = 10.0.40219.1
Project("{FAE04EC0-301F-11D3-BF4B-00C04F79EFBC}") = "MicroDocumentDatabase", "MicroDocumentDatabase\MicroDocumentDatabase.csproj", "{3B5B4655-74B6-448B-BEE9-3F039185A9E5}"
EndProject
Project("{FAE04EC0-301F-11D3-BF4B-00C04F79EFBC}") = "TestCA", "TestCA\TestCA.csproj", "{CDEDA91E-AEAD-4865-9609-C84228B7B6F2}"
EndProject
Global
	GlobalSection(SolutionConfigurationPlatforms) = preSolution
		Debug|Any CPU = Debug|Any CPU
		Release|Any CPU = Release|Any CPU
	EndGlobalSection
	GlobalSection(ProjectConfigurationPlatforms) = postSolution
		{3B5B4655-74B6-448B-BEE9-3F039185A9E5}.Debug|Any CPU.ActiveCfg = Debug|Any CPU
		{3B5B4655-74B6-448B-BEE9-3F039185A9E5}.Debug|Any CPU.Build.0 = Debug|Any CPU
		{3B5B4655-74B6-448B-BEE9-3F039185A9E5}.Release|Any CPU.ActiveCfg = Release|Any CPU
		{3B5B4655-74B6-448B-BEE9-3F039185A9E5}.Release|Any CPU.Build.0 = Release|Any CPU
		{CDEDA91E-AEAD-4865-9609-C84228B7B6F2}.Debug|Any CPU.ActiveCfg = Debug|Any CPU
		{CDEDA91E-AEAD-4865-9609-C84228B7B6F2}.Debug|Any CPU.Build.0 = Debug|Any CPU
		{CDEDA91E-AEAD-4865-9609-C84228B7B6F2}.Release|Any CPU.ActiveCfg = Release|Any CPU
		{CDEDA91E-AEAD-4865-9609-C84228B7B6F2}.Release|Any CPU.Build.0 = Release|Any CPU
	EndGlobalSection
	GlobalSection(SolutionProperties) = preSolution
		HideSolutionNode = FALSE
	EndGlobalSection
	GlobalSection(ExtensibilityGlobals) = postSolution
		SolutionGuid = {A02CEC1C-6EF8-46B9-9ADE-11C90E9D87CF}
	EndGlobalSection
EndGlobal
